hash: 79e45bdd9a92946a1ea7b36338e4c2392044d3c4a6b0718de31e8b31fb78e9df
updated: 2016-09-30T22:00:58.01152166-07:00
imports:
- name: github.com/Billups/sqlx
  version: c21d7c47fe6ea72bcf7c2623ebeb1663122cf1a6
  subpackages:
  - reflectx
- name: github.com/boltdb/bolt
  version: fff57c100f4dea1905678da7e90d92429dff2904
- name: github.com/jmoiron/sqlx
  version: 05b81a7d5d38058e42148dc01f17daf4acba4640
- name: github.com/mattn/go-sqlite3
  version: 4b0af852c17164dce48e6754e3094c55192e4934
- name: github.com/nlopes/slack
  version: 49e63910abfdb2e5416d48e1b08ec8b8ac510c16
- name: github.com/pkg/errors
  version: 17b591df37844cde689f4d5813e5cea0927d8dd2
- name: golang.org/x/net
  version: 0d8126fc6144eb5257485c59148128691e8ff849
  subpackages:
  - websocket
testImports: []
